
Microsoft Visual Studio Solution File, Format Version 11.00
# Visual Studio 2010
Project("{8BC9CEB8-8B4A-11D0-8D11-00A0C91BC942}") = "3d", "3d.vcxproj", "{3B53BC06-07B8-4B1E-AB94-347A0A08FAF9}"
EndProject
Project("{8BC9CEB8-8B4A-11D0-8D11-00A0C91BC942}") = "3d_multi", "3d_multi.vcxproj", "{F0EA0E53-0C9B-43AF-A90B-CB45745581C5}"
EndProject
Project("{8BC9CEB8-8B4A-11D0-8D11-00A0C91BC942}") = "event_parameter", "event_parameter.vcxproj", "{A1025D59-32C0-41BC-94D1-BBEC2C97931C}"
EndProject
Project("{8BC9CEB8-8B4A-11D0-8D11-00A0C91BC942}") = "load_banks", "load_banks.vcxproj", "{7E7F464D-DBCC-42A4-850C-DB1ECDD02396}"
EndProject
Project("{8BC9CEB8-8B4A-11D0-8D11-00A0C91BC942}") = "music_callbacks", "music_callbacks.vcxproj", "{B0064B5E-B70B-4ED2-A73E-85739A1A738C}"
EndProject
Project("{8BC9CEB8-8B4A-11D0-8D11-00A0C91BC942}") = "objectpan", "objectpan.vcxproj", "{6B40E87D-CFA1-4233-A991-CC591DD18113}"
EndProject
Project("{8BC9CEB8-8B4A-11D0-8D11-00A0C91BC942}") = "programmer_sound", "programmer_sound.vcxproj", "{973CBEEB-2880-4F29-9784-08B7799D3852}"
EndProject
Project("{8BC9CEB8-8B4A-11D0-8D11-00A0C91BC942}") = "recording_playback", "recording_playback.vcxproj", "{204C63D7-F062-4446-90D9-F13F8118BB44}"
EndProject
Project("{8BC9CEB8-8B4A-11D0-8D11-00A0C91BC942}") = "simple_event", "simple_event.vcxproj", "{960BE448-FA7B-4255-B164-D3877CF067AE}"
EndProject
Global
	GlobalSection(SolutionConfigurationPlatforms) = preSolution
		Debug|Win32 = Debug|Win32
		Debug|x64 = Debug|x64
		Release|Win32 = Release|Win32
		Release|x64 = Release|x64
	EndGlobalSection
	GlobalSection(ProjectConfigurationPlatforms) = postSolution
		{3B53BC06-07B8-4B1E-AB94-347A0A08FAF9}.Debug|Win32.ActiveCfg = Debug|Win32
		{3B53BC06-07B8-4B1E-AB94-347A0A08FAF9}.Debug|Win32.Build.0 = Debug|Win32
		{3B53BC06-07B8-4B1E-AB94-347A0A08FAF9}.Debug|Win32.Deploy.0 = Debug|Win32
		{3B53BC06-07B8-4B1E-AB94-347A0A08FAF9}.Debug|x64.ActiveCfg = Debug|x64
		{3B53BC06-07B8-4B1E-AB94-347A0A08FAF9}.Debug|x64.Build.0 = Debug|x64
		{3B53BC06-07B8-4B1E-AB94-347A0A08FAF9}.Debug|x64.Deploy.0 = Debug|x64
		{3B53BC06-07B8-4B1E-AB94-347A0A08FAF9}.Release|Win32.ActiveCfg = Release|Win32
		{3B53BC06-07B8-4B1E-AB94-347A0A08FAF9}.Release|Win32.Build.0 = Release|Win32
		{3B53BC06-07B8-4B1E-AB94-347A0A08FAF9}.Release|Win32.Deploy.0 = Release|Win32
		{3B53BC06-07B8-4B1E-AB94-347A0A08FAF9}.Release|x64.ActiveCfg = Release|x64
		{3B53BC06-07B8-4B1E-AB94-347A0A08FAF9}.Release|x64.Build.0 = Release|x64
		{3B53BC06-07B8-4B1E-AB94-347A0A08FAF9}.Release|x64.Deploy.0 = Release|x64
		{F0EA0E53-0C9B-43AF-A90B-CB45745581C5}.Debug|Win32.ActiveCfg = Debug|Win32
		{F0EA0E53-0C9B-43AF-A90B-CB45745581C5}.Debug|Win32.Build.0 = Debug|Win32
		{F0EA0E53-0C9B-43AF-A90B-CB45745581C5}.Debug|Win32.Deploy.0 = Debug|Win32
		{F0EA0E53-0C9B-43AF-A90B-CB45745581C5}.Debug|x64.ActiveCfg = Debug|x64
		{F0EA0E53-0C9B-43AF-A90B-CB45745581C5}.Debug|x64.Build.0 = Debug|x64
		{F0EA0E53-0C9B-43AF-A90B-CB45745581C5}.Debug|x64.Deploy.0 = Debug|x64
		{F0EA0E53-0C9B-43AF-A90B-CB45745581C5}.Release|Win32.ActiveCfg = Release|Win32
		{F0EA0E53-0C9B-43AF-A90B-CB45745581C5}.Release|Win32.Build.0 = Release|Win32
		{F0EA0E53-0C9B-43AF-A90B-CB45745581C5}.Release|Win32.Deploy.0 = Release|Win32
		{F0EA0E53-0C9B-43AF-A90B-CB45745581C5}.Release|x64.ActiveCfg = Release|x64
		{F0EA0E53-0C9B-43AF-A90B-CB45745581C5}.Release|x64.Build.0 = Release|x64
		{F0EA0E53-0C9B-43AF-A90B-CB45745581C5}.Release|x64.Deploy.0 = Release|x64
		{A1025D59-32C0-41BC-94D1-BBEC2C97931C}.Debug|Win32.ActiveCfg = Debug|Win32
		{A1025D59-32C0-41BC-94D1-BBEC2C97931C}.Debug|Win32.Build.0 = Debug|Win32
		{A1025D59-32C0-41BC-94D1-BBEC2C97931C}.Debug|Win32.Deploy.0 = Debug|Win32
		{A1025D59-32C0-41BC-94D1-BBEC2C97931C}.Debug|x64.ActiveCfg = Debug|x64
		{A1025D59-32C0-41BC-94D1-BBEC2C97931C}.Debug|x64.Build.0 = Debug|x64
		{A1025D59-32C0-41BC-94D1-BBEC2C97931C}.Debug|x64.Deploy.0 = Debug|x64
		{A1025D59-32C0-41BC-94D1-BBEC2C97931C}.Release|Win32.ActiveCfg = Release|Win32
		{A1025D59-32C0-41BC-94D1-BBEC2C97931C}.Release|Win32.Build.0 = Release|Win32
		{A1025D59-32C0-41BC-94D1-BBEC2C97931C}.Release|Win32.Deploy.0 = Release|Win32
		{A1025D59-32C0-41BC-94D1-BBEC2C97931C}.Release|x64.ActiveCfg = Release|x64
		{A1025D59-32C0-41BC-94D1-BBEC2C97931C}.Release|x64.Build.0 = Release|x64
		{A1025D59-32C0-41BC-94D1-BBEC2C97931C}.Release|x64.Deploy.0 = Release|x64
		{7E7F464D-DBCC-42A4-850C-DB1ECDD02396}.Debug|Win32.ActiveCfg = Debug|Win32
		{7E7F464D-DBCC-42A4-850C-DB1ECDD02396}.Debug|Win32.Build.0 = Debug|Win32
		{7E7F464D-DBCC-42A4-850C-DB1ECDD02396}.Debug|Win32.Deploy.0 = Debug|Win32
		{7E7F464D-DBCC-42A4-850C-DB1ECDD02396}.Debug|x64.ActiveCfg = Debug|x64
		{7E7F464D-DBCC-42A4-850C-DB1ECDD02396}.Debug|x64.Build.0 = Debug|x64
		{7E7F464D-DBCC-42A4-850C-DB1ECDD02396}.Debug|x64.Deploy.0 = Debug|x64
		{7E7F464D-DBCC-42A4-850C-DB1ECDD02396}.Release|Win32.ActiveCfg = Release|Win32
		{7E7F464D-DBCC-42A4-850C-DB1ECDD02396}.Release|Win32.Build.0 = Release|Win32
		{7E7F464D-DBCC-42A4-850C-DB1ECDD02396}.Release|Win32.Deploy.0 = Release|Win32
		{7E7F464D-DBCC-42A4-850C-DB1ECDD02396}.Release|x64.ActiveCfg = Release|x64
		{7E7F464D-DBCC-42A4-850C-DB1ECDD02396}.Release|x64.Build.0 = Release|x64
		{7E7F464D-DBCC-42A4-850C-DB1ECDD02396}.Release|x64.Deploy.0 = Release|x64
		{B0064B5E-B70B-4ED2-A73E-85739A1A738C}.Debug|Win32.ActiveCfg = Debug|Win32
		{B0064B5E-B70B-4ED2-A73E-85739A1A738C}.Debug|Win32.Build.0 = Debug|Win32
		{B0064B5E-B70B-4ED2-A73E-85739A1A738C}.Debug|Win32.Deploy.0 = Debug|Win32
		{B0064B5E-B70B-4ED2-A73E-85739A1A738C}.Debug|x64.ActiveCfg = Debug|x64
		{B0064B5E-B70B-4ED2-A73E-85739A1A738C}.Debug|x64.Build.0 = Debug|x64
		{B0064B5E-B70B-4ED2-A73E-85739A1A738C}.Debug|x64.Deploy.0 = Debug|x64
		{B0064B5E-B70B-4ED2-A73E-85739A1A738C}.Release|Win32.ActiveCfg = Release|Win32
		{B0064B5E-B70B-4ED2-A73E-85739A1A738C}.Release|Win32.Build.0 = Release|Win32
		{B0064B5E-B70B-4ED2-A73E-85739A1A738C}.Release|Win32.Deploy.0 = Release|Win32
		{B0064B5E-B70B-4ED2-A73E-85739A1A738C}.Release|x64.ActiveCfg = Release|x64
		{B0064B5E-B70B-4ED2-A73E-85739A1A738C}.Release|x64.Build.0 = Release|x64
		{B0064B5E-B70B-4ED2-A73E-85739A1A738C}.Release|x64.Deploy.0 = Release|x64
		{6B40E87D-CFA1-4233-A991-CC591DD18113}.Debug|Win32.ActiveCfg = Debug|Win32
		{6B40E87D-CFA1-4233-A991-CC591DD18113}.Debug|Win32.Build.0 = Debug|Win32
		{6B40E87D-CFA1-4233-A991-CC591DD18113}.Debug|Win32.Deploy.0 = Debug|Win32
		{6B40E87D-CFA1-4233-A991-CC591DD18113}.Debug|x64.ActiveCfg = Debug|x64
		{6B40E87D-CFA1-4233-A991-CC591DD18113}.Debug|x64.Build.0 = Debug|x64
		{6B40E87D-CFA1-4233-A991-CC591DD18113}.Debug|x64.Deploy.0 = Debug|x64
		{6B40E87D-CFA1-4233-A991-CC591DD18113}.Release|Win32.ActiveCfg = Release|Win32
		{6B40E87D-CFA1-4233-A991-CC591DD18113}.Release|Win32.Build.0 = Release|Win32
		{6B40E87D-CFA1-4233-A991-CC591DD18113}.Release|Win32.Deploy.0 = Release|Win32
		{6B40E87D-CFA1-4233-A991-CC591DD18113}.Release|x64.ActiveCfg = Release|x64
		{6B40E87D-CFA1-4233-A991-CC591DD18113}.Release|x64.Build.0 = Release|x64
		{6B40E87D-CFA1-4233-A991-CC591DD18113}.Release|x64.Deploy.0 = Release|x64
		{973CBEEB-2880-4F29-9784-08B7799D3852}.Debug|Win32.ActiveCfg = Debug|Win32
		{973CBEEB-2880-4F29-9784-08B7799D3852}.Debug|Win32.Build.0 = Debug|Win32
		{973CBEEB-2880-4F29-9784-08B7799D3852}.Debug|Win32.Deploy.0 = Debug|Win32
		{973CBEEB-2880-4F29-9784-08B7799D3852}.Debug|x64.ActiveCfg = Debug|x64
		{973CBEEB-2880-4F29-9784-08B7799D3852}.Debug|x64.Build.0 = Debug|x64
		{973CBEEB-2880-4F29-9784-08B7799D3852}.Debug|x64.Deploy.0 = Debug|x64
		{973CBEEB-2880-4F29-9784-08B7799D3852}.Release|Win32.ActiveCfg = Release|Win32
		{973CBEEB-2880-4F29-9784-08B7799D3852}.Release|Win32.Build.0 = Release|Win32
		{973CBEEB-2880-4F29-9784-08B7799D3852}.Release|Win32.Deploy.0 = Release|Win32
		{973CBEEB-2880-4F29-9784-08B7799D3852}.Release|x64.ActiveCfg = Release|x64
		{973CBEEB-2880-4F29-9784-08B7799D3852}.Release|x64.Build.0 = Release|x64
		{973CBEEB-2880-4F29-9784-08B7799D3852}.Release|x64.Deploy.0 = Release|x64
		{204C63D7-F062-4446-90D9-F13F8118BB44}.Debug|Win32.ActiveCfg = Debug|Win32
		{204C63D7-F062-4446-90D9-F13F8118BB44}.Debug|Win32.Build.0 = Debug|Win32
		{204C63D7-F062-4446-90D9-F13F8118BB44}.Debug|Win32.Deploy.0 = Debug|Win32
		{204C63D7-F062-4446-90D9-F13F8118BB44}.Debug|x64.ActiveCfg = Debug|x64
		{204C63D7-F062-4446-90D9-F13F8118BB44}.Debug|x64.Build.0 = Debug|x64
		{204C63D7-F062-4446-90D9-F13F8118BB44}.Debug|x64.Deploy.0 = Debug|x64
		{204C63D7-F062-4446-90D9-F13F8118BB44}.Release|Win32.ActiveCfg = Release|Win32
		{204C63D7-F062-4446-90D9-F13F8118BB44}.Release|Win32.Build.0 = Release|Win32
		{204C63D7-F062-4446-90D9-F13F8118BB44}.Release|Win32.Deploy.0 = Release|Win32
		{204C63D7-F062-4446-90D9-F13F8118BB44}.Release|x64.ActiveCfg = Release|x64
		{204C63D7-F062-4446-90D9-F13F8118BB44}.Release|x64.Build.0 = Release|x64
		{204C63D7-F062-4446-90D9-F13F8118BB44}.Release|x64.Deploy.0 = Release|x64
		{960BE448-FA7B-4255-B164-D3877CF067AE}.Debug|Win32.ActiveCfg = Debug|Win32
		{960BE448-FA7B-4255-B164-D3877CF067AE}.Debug|Win32.Build.0 = Debug|Win32
		{960BE448-FA7B-4255-B164-D3877CF067AE}.Debug|Win32.Deploy.0 = Debug|Win32
		{960BE448-FA7B-4255-B164-D3877CF067AE}.Debug|x64.ActiveCfg = Debug|x64
		{960BE448-FA7B-4255-B164-D3877CF067AE}.Debug|x64.Build.0 = Debug|x64
		{960BE448-FA7B-4255-B164-D3877CF067AE}.Debug|x64.Deploy.0 = Debug|x64
		{960BE448-FA7B-4255-B164-D3877CF067AE}.Release|Win32.ActiveCfg = Release|Win32
		{960BE448-FA7B-4255-B164-D3877CF067AE}.Release|Win32.Build.0 = Release|Win32
		{960BE448-FA7B-4255-B164-D3877CF067AE}.Release|Win32.Deploy.0 = Release|Win32
		{960BE448-FA7B-4255-B164-D3877CF067AE}.Release|x64.ActiveCfg = Release|x64
		{960BE448-FA7B-4255-B164-D3877CF067AE}.Release|x64.Build.0 = Release|x64
		{960BE448-FA7B-4255-B164-D3877CF067AE}.Release|x64.Deploy.0 = Release|x64
	EndGlobalSection
	GlobalSection(SolutionProperties) = preSolution
		HideSolutionNode = FALSE
	EndGlobalSection
EndGlobal
