
Microsoft Visual Studio Solution File, Format Version 11.00
# Visual Studio 2012
Project("{8BC9CEB8-8B4A-11D0-8D11-00A0C91BC942}") = "3d", "3d.vcxproj", "{B51F503D-5800-4459-8C3A-BBC6D27A8CAA}"
EndProject
Project("{8BC9CEB8-8B4A-11D0-8D11-00A0C91BC942}") = "3d_multi", "3d_multi.vcxproj", "{159BDC6E-558F-4F94-B07B-D5AFCCE2C275}"
EndProject
Project("{8BC9CEB8-8B4A-11D0-8D11-00A0C91BC942}") = "event_parameter", "event_parameter.vcxproj", "{BE39F5DE-549A-4D8C-8854-EDB372A04BE3}"
EndProject
Project("{8BC9CEB8-8B4A-11D0-8D11-00A0C91BC942}") = "load_banks", "load_banks.vcxproj", "{A6C20A75-53D8-401B-8E34-42B4449D18A8}"
EndProject
Project("{8BC9CEB8-8B4A-11D0-8D11-00A0C91BC942}") = "music_callbacks", "music_callbacks.vcxproj", "{E905AAA1-BEE0-4293-AB68-D10F06377881}"
EndProject
Project("{8BC9CEB8-8B4A-11D0-8D11-00A0C91BC942}") = "objectpan", "objectpan.vcxproj", "{07189396-5419-46ED-867E-4241B1FBAB1B}"
EndProject
Project("{8BC9CEB8-8B4A-11D0-8D11-00A0C91BC942}") = "programmer_sound", "programmer_sound.vcxproj", "{E549D121-A59D-43F2-96CC-F8C26EBED28A}"
EndProject
Project("{8BC9CEB8-8B4A-11D0-8D11-00A0C91BC942}") = "recording_playback", "recording_playback.vcxproj", "{C8D52814-B917-48D2-8811-26AE98454C6B}"
EndProject
Project("{8BC9CEB8-8B4A-11D0-8D11-00A0C91BC942}") = "simple_event", "simple_event.vcxproj", "{EEEED6BB-5A24-418F-A812-B89292B4E2AD}"
EndProject
Global
	GlobalSection(SolutionConfigurationPlatforms) = preSolution
		Debug|Win32 = Debug|Win32
		Debug|x64 = Debug|x64
		Release|Win32 = Release|Win32
		Release|x64 = Release|x64
	EndGlobalSection
	GlobalSection(ProjectConfigurationPlatforms) = postSolution
		{B51F503D-5800-4459-8C3A-BBC6D27A8CAA}.Debug|Win32.ActiveCfg = Debug|Win32
		{B51F503D-5800-4459-8C3A-BBC6D27A8CAA}.Debug|Win32.Build.0 = Debug|Win32
		{B51F503D-5800-4459-8C3A-BBC6D27A8CAA}.Debug|Win32.Deploy.0 = Debug|Win32
		{B51F503D-5800-4459-8C3A-BBC6D27A8CAA}.Debug|x64.ActiveCfg = Debug|x64
		{B51F503D-5800-4459-8C3A-BBC6D27A8CAA}.Debug|x64.Build.0 = Debug|x64
		{B51F503D-5800-4459-8C3A-BBC6D27A8CAA}.Debug|x64.Deploy.0 = Debug|x64
		{B51F503D-5800-4459-8C3A-BBC6D27A8CAA}.Release|Win32.ActiveCfg = Release|Win32
		{B51F503D-5800-4459-8C3A-BBC6D27A8CAA}.Release|Win32.Build.0 = Release|Win32
		{B51F503D-5800-4459-8C3A-BBC6D27A8CAA}.Release|Win32.Deploy.0 = Release|Win32
		{B51F503D-5800-4459-8C3A-BBC6D27A8CAA}.Release|x64.ActiveCfg = Release|x64
		{B51F503D-5800-4459-8C3A-BBC6D27A8CAA}.Release|x64.Build.0 = Release|x64
		{B51F503D-5800-4459-8C3A-BBC6D27A8CAA}.Release|x64.Deploy.0 = Release|x64
		{159BDC6E-558F-4F94-B07B-D5AFCCE2C275}.Debug|Win32.ActiveCfg = Debug|Win32
		{159BDC6E-558F-4F94-B07B-D5AFCCE2C275}.Debug|Win32.Build.0 = Debug|Win32
		{159BDC6E-558F-4F94-B07B-D5AFCCE2C275}.Debug|Win32.Deploy.0 = Debug|Win32
		{159BDC6E-558F-4F94-B07B-D5AFCCE2C275}.Debug|x64.ActiveCfg = Debug|x64
		{159BDC6E-558F-4F94-B07B-D5AFCCE2C275}.Debug|x64.Build.0 = Debug|x64
		{159BDC6E-558F-4F94-B07B-D5AFCCE2C275}.Debug|x64.Deploy.0 = Debug|x64
		{159BDC6E-558F-4F94-B07B-D5AFCCE2C275}.Release|Win32.ActiveCfg = Release|Win32
		{159BDC6E-558F-4F94-B07B-D5AFCCE2C275}.Release|Win32.Build.0 = Release|Win32
		{159BDC6E-558F-4F94-B07B-D5AFCCE2C275}.Release|Win32.Deploy.0 = Release|Win32
		{159BDC6E-558F-4F94-B07B-D5AFCCE2C275}.Release|x64.ActiveCfg = Release|x64
		{159BDC6E-558F-4F94-B07B-D5AFCCE2C275}.Release|x64.Build.0 = Release|x64
		{159BDC6E-558F-4F94-B07B-D5AFCCE2C275}.Release|x64.Deploy.0 = Release|x64
		{BE39F5DE-549A-4D8C-8854-EDB372A04BE3}.Debug|Win32.ActiveCfg = Debug|Win32
		{BE39F5DE-549A-4D8C-8854-EDB372A04BE3}.Debug|Win32.Build.0 = Debug|Win32
		{BE39F5DE-549A-4D8C-8854-EDB372A04BE3}.Debug|Win32.Deploy.0 = Debug|Win32
		{BE39F5DE-549A-4D8C-8854-EDB372A04BE3}.Debug|x64.ActiveCfg = Debug|x64
		{BE39F5DE-549A-4D8C-8854-EDB372A04BE3}.Debug|x64.Build.0 = Debug|x64
		{BE39F5DE-549A-4D8C-8854-EDB372A04BE3}.Debug|x64.Deploy.0 = Debug|x64
		{BE39F5DE-549A-4D8C-8854-EDB372A04BE3}.Release|Win32.ActiveCfg = Release|Win32
		{BE39F5DE-549A-4D8C-8854-EDB372A04BE3}.Release|Win32.Build.0 = Release|Win32
		{BE39F5DE-549A-4D8C-8854-EDB372A04BE3}.Release|Win32.Deploy.0 = Release|Win32
		{BE39F5DE-549A-4D8C-8854-EDB372A04BE3}.Release|x64.ActiveCfg = Release|x64
		{BE39F5DE-549A-4D8C-8854-EDB372A04BE3}.Release|x64.Build.0 = Release|x64
		{BE39F5DE-549A-4D8C-8854-EDB372A04BE3}.Release|x64.Deploy.0 = Release|x64
		{A6C20A75-53D8-401B-8E34-42B4449D18A8}.Debug|Win32.ActiveCfg = Debug|Win32
		{A6C20A75-53D8-401B-8E34-42B4449D18A8}.Debug|Win32.Build.0 = Debug|Win32
		{A6C20A75-53D8-401B-8E34-42B4449D18A8}.Debug|Win32.Deploy.0 = Debug|Win32
		{A6C20A75-53D8-401B-8E34-42B4449D18A8}.Debug|x64.ActiveCfg = Debug|x64
		{A6C20A75-53D8-401B-8E34-42B4449D18A8}.Debug|x64.Build.0 = Debug|x64
		{A6C20A75-53D8-401B-8E34-42B4449D18A8}.Debug|x64.Deploy.0 = Debug|x64
		{A6C20A75-53D8-401B-8E34-42B4449D18A8}.Release|Win32.ActiveCfg = Release|Win32
		{A6C20A75-53D8-401B-8E34-42B4449D18A8}.Release|Win32.Build.0 = Release|Win32
		{A6C20A75-53D8-401B-8E34-42B4449D18A8}.Release|Win32.Deploy.0 = Release|Win32
		{A6C20A75-53D8-401B-8E34-42B4449D18A8}.Release|x64.ActiveCfg = Release|x64
		{A6C20A75-53D8-401B-8E34-42B4449D18A8}.Release|x64.Build.0 = Release|x64
		{A6C20A75-53D8-401B-8E34-42B4449D18A8}.Release|x64.Deploy.0 = Release|x64
		{E905AAA1-BEE0-4293-AB68-D10F06377881}.Debug|Win32.ActiveCfg = Debug|Win32
		{E905AAA1-BEE0-4293-AB68-D10F06377881}.Debug|Win32.Build.0 = Debug|Win32
		{E905AAA1-BEE0-4293-AB68-D10F06377881}.Debug|Win32.Deploy.0 = Debug|Win32
		{E905AAA1-BEE0-4293-AB68-D10F06377881}.Debug|x64.ActiveCfg = Debug|x64
		{E905AAA1-BEE0-4293-AB68-D10F06377881}.Debug|x64.Build.0 = Debug|x64
		{E905AAA1-BEE0-4293-AB68-D10F06377881}.Debug|x64.Deploy.0 = Debug|x64
		{E905AAA1-BEE0-4293-AB68-D10F06377881}.Release|Win32.ActiveCfg = Release|Win32
		{E905AAA1-BEE0-4293-AB68-D10F06377881}.Release|Win32.Build.0 = Release|Win32
		{E905AAA1-BEE0-4293-AB68-D10F06377881}.Release|Win32.Deploy.0 = Release|Win32
		{E905AAA1-BEE0-4293-AB68-D10F06377881}.Release|x64.ActiveCfg = Release|x64
		{E905AAA1-BEE0-4293-AB68-D10F06377881}.Release|x64.Build.0 = Release|x64
		{E905AAA1-BEE0-4293-AB68-D10F06377881}.Release|x64.Deploy.0 = Release|x64
		{07189396-5419-46ED-867E-4241B1FBAB1B}.Debug|Win32.ActiveCfg = Debug|Win32
		{07189396-5419-46ED-867E-4241B1FBAB1B}.Debug|Win32.Build.0 = Debug|Win32
		{07189396-5419-46ED-867E-4241B1FBAB1B}.Debug|Win32.Deploy.0 = Debug|Win32
		{07189396-5419-46ED-867E-4241B1FBAB1B}.Debug|x64.ActiveCfg = Debug|x64
		{07189396-5419-46ED-867E-4241B1FBAB1B}.Debug|x64.Build.0 = Debug|x64
		{07189396-5419-46ED-867E-4241B1FBAB1B}.Debug|x64.Deploy.0 = Debug|x64
		{07189396-5419-46ED-867E-4241B1FBAB1B}.Release|Win32.ActiveCfg = Release|Win32
		{07189396-5419-46ED-867E-4241B1FBAB1B}.Release|Win32.Build.0 = Release|Win32
		{07189396-5419-46ED-867E-4241B1FBAB1B}.Release|Win32.Deploy.0 = Release|Win32
		{07189396-5419-46ED-867E-4241B1FBAB1B}.Release|x64.ActiveCfg = Release|x64
		{07189396-5419-46ED-867E-4241B1FBAB1B}.Release|x64.Build.0 = Release|x64
		{07189396-5419-46ED-867E-4241B1FBAB1B}.Release|x64.Deploy.0 = Release|x64
		{E549D121-A59D-43F2-96CC-F8C26EBED28A}.Debug|Win32.ActiveCfg = Debug|Win32
		{E549D121-A59D-43F2-96CC-F8C26EBED28A}.Debug|Win32.Build.0 = Debug|Win32
		{E549D121-A59D-43F2-96CC-F8C26EBED28A}.Debug|Win32.Deploy.0 = Debug|Win32
		{E549D121-A59D-43F2-96CC-F8C26EBED28A}.Debug|x64.ActiveCfg = Debug|x64
		{E549D121-A59D-43F2-96CC-F8C26EBED28A}.Debug|x64.Build.0 = Debug|x64
		{E549D121-A59D-43F2-96CC-F8C26EBED28A}.Debug|x64.Deploy.0 = Debug|x64
		{E549D121-A59D-43F2-96CC-F8C26EBED28A}.Release|Win32.ActiveCfg = Release|Win32
		{E549D121-A59D-43F2-96CC-F8C26EBED28A}.Release|Win32.Build.0 = Release|Win32
		{E549D121-A59D-43F2-96CC-F8C26EBED28A}.Release|Win32.Deploy.0 = Release|Win32
		{E549D121-A59D-43F2-96CC-F8C26EBED28A}.Release|x64.ActiveCfg = Release|x64
		{E549D121-A59D-43F2-96CC-F8C26EBED28A}.Release|x64.Build.0 = Release|x64
		{E549D121-A59D-43F2-96CC-F8C26EBED28A}.Release|x64.Deploy.0 = Release|x64
		{C8D52814-B917-48D2-8811-26AE98454C6B}.Debug|Win32.ActiveCfg = Debug|Win32
		{C8D52814-B917-48D2-8811-26AE98454C6B}.Debug|Win32.Build.0 = Debug|Win32
		{C8D52814-B917-48D2-8811-26AE98454C6B}.Debug|Win32.Deploy.0 = Debug|Win32
		{C8D52814-B917-48D2-8811-26AE98454C6B}.Debug|x64.ActiveCfg = Debug|x64
		{C8D52814-B917-48D2-8811-26AE98454C6B}.Debug|x64.Build.0 = Debug|x64
		{C8D52814-B917-48D2-8811-26AE98454C6B}.Debug|x64.Deploy.0 = Debug|x64
		{C8D52814-B917-48D2-8811-26AE98454C6B}.Release|Win32.ActiveCfg = Release|Win32
		{C8D52814-B917-48D2-8811-26AE98454C6B}.Release|Win32.Build.0 = Release|Win32
		{C8D52814-B917-48D2-8811-26AE98454C6B}.Release|Win32.Deploy.0 = Release|Win32
		{C8D52814-B917-48D2-8811-26AE98454C6B}.Release|x64.ActiveCfg = Release|x64
		{C8D52814-B917-48D2-8811-26AE98454C6B}.Release|x64.Build.0 = Release|x64
		{C8D52814-B917-48D2-8811-26AE98454C6B}.Release|x64.Deploy.0 = Release|x64
		{EEEED6BB-5A24-418F-A812-B89292B4E2AD}.Debug|Win32.ActiveCfg = Debug|Win32
		{EEEED6BB-5A24-418F-A812-B89292B4E2AD}.Debug|Win32.Build.0 = Debug|Win32
		{EEEED6BB-5A24-418F-A812-B89292B4E2AD}.Debug|Win32.Deploy.0 = Debug|Win32
		{EEEED6BB-5A24-418F-A812-B89292B4E2AD}.Debug|x64.ActiveCfg = Debug|x64
		{EEEED6BB-5A24-418F-A812-B89292B4E2AD}.Debug|x64.Build.0 = Debug|x64
		{EEEED6BB-5A24-418F-A812-B89292B4E2AD}.Debug|x64.Deploy.0 = Debug|x64
		{EEEED6BB-5A24-418F-A812-B89292B4E2AD}.Release|Win32.ActiveCfg = Release|Win32
		{EEEED6BB-5A24-418F-A812-B89292B4E2AD}.Release|Win32.Build.0 = Release|Win32
		{EEEED6BB-5A24-418F-A812-B89292B4E2AD}.Release|Win32.Deploy.0 = Release|Win32
		{EEEED6BB-5A24-418F-A812-B89292B4E2AD}.Release|x64.ActiveCfg = Release|x64
		{EEEED6BB-5A24-418F-A812-B89292B4E2AD}.Release|x64.Build.0 = Release|x64
		{EEEED6BB-5A24-418F-A812-B89292B4E2AD}.Release|x64.Deploy.0 = Release|x64
	EndGlobalSection
	GlobalSection(SolutionProperties) = preSolution
		HideSolutionNode = FALSE
	EndGlobalSection
EndGlobal
